{
    "requires": true,
    "lockfileVersion": 1,
    "dependencies": {
        "sweetalert2": {
            "version": "8.10.7",
            "resolved": "https://registry.npmjs.org/sweetalert2/-/sweetalert2-8.10.7.tgz",
            "integrity": "sha512-C+bW8QiN/sv1EgemKYZTz9FXWyAdYLzhXfgkVxCX1/JNsiS3e9CmZizpelvPqSBw5hPULlN5iAC2En1f7/G1DQ=="
        }
    }
}
